PODS:
  - Alamofire (5.4.4)
  - SwiftLint (0.45.0)

DEPENDENCIES:
  - Alamofire (~> 5.4)
  - SwiftLint

SPEC REPOS:
  trunk:
    - Alamofire
    - SwiftLint

SPEC CHECKSUMS:
  Alamofire: f3b09a368f1582ab751b3fff5460276e0d2cf5c9
  SwiftLint: e5c7f1fba68eccfc51509d5b2ce1699f5502e0c7

PODFILE CHECKSUM: fd2e4cbc4430a2aea511306960dad2e6c7b57b0e

COCOAPODS: 1.10.1
