// !$*UTF8*$!
{
	archiveVersion = 1;
	classes = {
	};
	objectVersion = 51;
	objects = {

/* Begin PBXBuildFile section */
		249229A0525546EFF24C709E /* Pods_8ballApp.framework in Frameworks */ = {isa = PBXBuildFile; fileRef = 5621C7CA2AB69866DE3C0509 /* Pods_8ballApp.framework */; };
		5E5CCCFF271F21D9001F7212 /* AppDelegate.swift in Sources */ = {isa = PBXBuildFile; fileRef = 5E5CCCFE271F21D9001F7212 /* AppDelegate.swift */; };
		5E5CCD03271F21D9001F7212 /* BallViewController.swift in Sources */ = {isa = PBXBuildFile; fileRef = 5E5CCD02271F21D9001F7212 /* BallViewController.swift */; };
		5E5CCD08271F21DB001F7212 /* Assets.xcassets in Resources */ = {isa = PBXBuildFile; fileRef = 5E5CCD07271F21DB001F7212 /* Assets.xcassets */; };
		5E5CCD0B271F21DB001F7212 /* LaunchScreen.storyboard in Resources */ = {isa = PBXBuildFile; fileRef = 5E5CCD09271F21DB001F7212 /* LaunchScreen.storyboard */; };
		5E5CCD14271F2836001F7212 /* RandomAnswerManager.swift in Sources */ = {isa = PBXBuildFile; fileRef = 5E5CCD13271F2836001F7212 /* RandomAnswerManager.swift */; };
		5E5CCD19271F2E4C001F7212 /* ApiResponseData.swift in Sources */ = {isa = PBXBuildFile; fileRef = 5E5CCD18271F2E4C001F7212 /* ApiResponseData.swift */; };
		5E5CCD1B271F32C6001F7212 /* BallModel.swift in Sources */ = {isa = PBXBuildFile; fileRef = 5E5CCD1A271F32C6001F7212 /* BallModel.swift */; };
		5E5CCD24271F5F61001F7212 /* CustomAnswerAlertController.swift in Sources */ = {isa = PBXBuildFile; fileRef = 5E5CCD23271F5F61001F7212 /* CustomAnswerAlertController.swift */; };
		5E641C8E273DA80700DE0972 /* Strings.swift in Sources */ = {isa = PBXBuildFile; fileRef = 5E641C8C273DA80700DE0972 /* Strings.swift */; };
		5E641C90273DA82500DE0972 /* Assets.swift in Sources */ = {isa = PBXBuildFile; fileRef = 5E641C8F273DA82500DE0972 /* Assets.swift */; };
		5E641C94273DA9D700DE0972 /* Localizable.strings in Resources */ = {isa = PBXBuildFile; fileRef = 5E641C92273DA9D700DE0972 /* Localizable.strings */; };
		5E6E49C7274E386500E34743 /* HistoryScreenViewController.swift in Sources */ = {isa = PBXBuildFile; fileRef = 5E6E49C6274E386500E34743 /* HistoryScreenViewController.swift */; };
		5E6E49C9274E399900E34743 /* MainTabBarController.swift in Sources */ = {isa = PBXBuildFile; fileRef = 5E6E49C8274E399900E34743 /* MainTabBarController.swift */; };
		5E6E49CB274E66F200E34743 /* HistoryScreenTableViewCell.swift in Sources */ = {isa = PBXBuildFile; fileRef = 5E6E49CA274E66F200E34743 /* HistoryScreenTableViewCell.swift */; };
		5E6E49CD274E6DD900E34743 /* HistoryScreenViewModel.swift in Sources */ = {isa = PBXBuildFile; fileRef = 5E6E49CC274E6DD900E34743 /* HistoryScreenViewModel.swift */; };
		5E6E49CF274E6E0D00E34743 /* HistoryScreenModel.swift in Sources */ = {isa = PBXBuildFile; fileRef = 5E6E49CE274E6E0D00E34743 /* HistoryScreenModel.swift */; };
		5E6E49D2274E7BDB00E34743 /* MainTabBarViewModel.swift in Sources */ = {isa = PBXBuildFile; fileRef = 5E6E49D1274E7BDB00E34743 /* MainTabBarViewModel.swift */; };
		5E6E49F9274F5D7400E34743 /* CoreDataStack.swift in Sources */ = {isa = PBXBuildFile; fileRef = 5E6E49F8274F5D7400E34743 /* CoreDataStack.swift */; };
		5E6E49FC274F5F6F00E34743 /* AnswersDataModel.xcdatamodeld in Sources */ = {isa = PBXBuildFile; fileRef = 5E6E49FA274F5F6F00E34743 /* AnswersDataModel.xcdatamodeld */; };
		5E6E4A06274F678500E34743 /* CustomAnswerManager.swift in Sources */ = {isa = PBXBuildFile; fileRef = 5E6E4A05274F678400E34743 /* CustomAnswerManager.swift */; };
		5E9B5F302739B09D0099502E /* SettingsScreenViewController.swift in Sources */ = {isa = PBXBuildFile; fileRef = 5E9B5F2F2739B09D0099502E /* SettingsScreenViewController.swift */; };
		5E9C8DFD274F6DD200BA40BF /* CustomAnswerDataClass.swift in Sources */ = {isa = PBXBuildFile; fileRef = 5E9C8DFB274F6DD200BA40BF /* CustomAnswerDataClass.swift */; };
		5E9C8DFE274F6DD200BA40BF /* AnswerDataClass.swift in Sources */ = {isa = PBXBuildFile; fileRef = 5E9C8DFC274F6DD200BA40BF /* AnswerDataClass.swift */; };
		5E9C8E00274FDD1E00BA40BF /* UserDefaultsManager.swift in Sources */ = {isa = PBXBuildFile; fileRef = 5E9C8DFF274FDD1E00BA40BF /* UserDefaultsManager.swift */; };
		5E9C8E02274FF42300BA40BF /* AnswerHistoryManager.swift in Sources */ = {isa = PBXBuildFile; fileRef = 5E9C8E01274FF42300BA40BF /* AnswerHistoryManager.swift */; };
		5ED7B80C273FF6CE00E0A6FF /* BallViewModel.swift in Sources */ = {isa = PBXBuildFile; fileRef = 5ED7B80B273FF6CE00E0A6FF /* BallViewModel.swift */; };
		5ED7B8132740F1FB00E0A6FF /* SettingsScreenModel.swift in Sources */ = {isa = PBXBuildFile; fileRef = 5ED7B8122740F1FB00E0A6FF /* SettingsScreenModel.swift */; };
		5ED7B81A27412C7700E0A6FF /* SettingsScreenViewModel.swift in Sources */ = {isa = PBXBuildFile; fileRef = 5ED7B81927412C7700E0A6FF /* SettingsScreenViewModel.swift */; };
		5EF5544F27467AB9008B9A85 /* SettingsScreenTableViewCell.swift in Sources */ = {isa = PBXBuildFile; fileRef = 5EF5544E27467AB9008B9A85 /* SettingsScreenTableViewCell.swift */; };
/* End PBXBuildFile section */

/* Begin PBXFileReference section */
		5621C7CA2AB69866DE3C0509 /* Pods_8ballApp.framework */ = {isa = PBXFileReference; explicitFileType = wrapper.framework; includeInIndex = 0; path = Pods_8ballApp.framework; sourceTree = BUILT_PRODUCTS_DIR; };
		5E5CCCFB271F21D9001F7212 /* 8ballApp.app */ = {isa = PBXFileReference; explicitFileType = wrapper.application; includeInIndex = 0; path = 8ballApp.app; sourceTree = BUILT_PRODUCTS_DIR; };
		5E5CCCFE271F21D9001F7212 /* AppDelegate.swift */ = {isa = PBXFileReference; lastKnownFileType = sourcecode.swift; path = AppDelegate.swift; sourceTree = "<group>"; };
		5E5CCD02271F21D9001F7212 /* BallViewController.swift */ = {isa = PBXFileReference; lastKnownFileType = sourcecode.swift; path = BallViewController.swift; sourceTree = "<group>"; };
		5E5CCD07271F21DB001F7212 /* Assets.xcassets */ = {isa = PBXFileReference; lastKnownFileType = folder.assetcatalog; path = Assets.xcassets; sourceTree = "<group>"; };
		5E5CCD0A271F21DB001F7212 /* Base */ = {isa = PBXFileReference; lastKnownFileType = file.storyboard; name = Base; path = Base.lproj/LaunchScreen.storyboard; sourceTree = "<group>"; };
		5E5CCD0C271F21DB001F7212 /* Info.plist */ = {isa = PBXFileReference; lastKnownFileType = text.plist.xml; path = Info.plist; sourceTree = "<group>"; };
		5E5CCD13271F2836001F7212 /* RandomAnswerManager.swift */ = {isa = PBXFileReference; lastKnownFileType = sourcecode.swift; path = RandomAnswerManager.swift; sourceTree = "<group>"; };
		5E5CCD18271F2E4C001F7212 /* ApiResponseData.swift */ = {isa = PBXFileReference; lastKnownFileType = sourcecode.swift; path = ApiResponseData.swift; sourceTree = "<group>"; };
		5E5CCD1A271F32C6001F7212 /* BallModel.swift */ = {isa = PBXFileReference; lastKnownFileType = sourcecode.swift; path = BallModel.swift; sourceTree = "<group>"; };
		5E5CCD23271F5F61001F7212 /* CustomAnswerAlertController.swift */ = {isa = PBXFileReference; lastKnownFileType = sourcecode.swift; path = CustomAnswerAlertController.swift; sourceTree = "<group>"; };
		5E641C8A273DA5F500DE0972 /* swiftgen.yml */ = {isa = PBXFileReference; lastKnownFileType = text.yaml; path = swiftgen.yml; sourceTree = "<group>"; };
		5E641C8C273DA80700DE0972 /* Strings.swift */ = {isa = PBXFileReference; fileEncoding = 4; lastKnownFileType = sourcecode.swift; path = Strings.swift; sourceTree = "<group>"; };
		5E641C8F273DA82500DE0972 /* Assets.swift */ = {isa = PBXFileReference; fileEncoding = 4; lastKnownFileType = sourcecode.swift; path = Assets.swift; sourceTree = "<group>"; };
		5E641C93273DA9D700DE0972 /* Base */ = {isa = PBXFileReference; lastKnownFileType = text.plist.strings; name = Base; path = Base.lproj/Localizable.strings; sourceTree = "<group>"; };
		5E6E49C6274E386500E34743 /* HistoryScreenViewController.swift */ = {isa = PBXFileReference; lastKnownFileType = sourcecode.swift; path = HistoryScreenViewController.swift; sourceTree = "<group>"; };
		5E6E49C8274E399900E34743 /* MainTabBarController.swift */ = {isa = PBXFileReference; lastKnownFileType = sourcecode.swift; path = MainTabBarController.swift; sourceTree = "<group>"; };
		5E6E49CA274E66F200E34743 /* HistoryScreenTableViewCell.swift */ = {isa = PBXFileReference; lastKnownFileType = sourcecode.swift; path = HistoryScreenTableViewCell.swift; sourceTree = "<group>"; };
		5E6E49CC274E6DD900E34743 /* HistoryScreenViewModel.swift */ = {isa = PBXFileReference; lastKnownFileType = sourcecode.swift; path = HistoryScreenViewModel.swift; sourceTree = "<group>"; };
		5E6E49CE274E6E0D00E34743 /* HistoryScreenModel.swift */ = {isa = PBXFileReference; lastKnownFileType = sourcecode.swift; path = HistoryScreenModel.swift; sourceTree = "<group>"; };
		5E6E49D1274E7BDB00E34743 /* MainTabBarViewModel.swift */ = {isa = PBXFileReference; lastKnownFileType = sourcecode.swift; path = MainTabBarViewModel.swift; sourceTree = "<group>"; };
		5E6E49F8274F5D7400E34743 /* CoreDataStack.swift */ = {isa = PBXFileReference; lastKnownFileType = sourcecode.swift; path = CoreDataStack.swift; sourceTree = "<group>"; };
		5E6E49FB274F5F6F00E34743 /* AnswersDataModel.xcdatamodel */ = {isa = PBXFileReference; lastKnownFileType = wrapper.xcdatamodel; path = AnswersDataModel.xcdatamodel; sourceTree = "<group>"; };
		5E6E4A05274F678400E34743 /* CustomAnswerManager.swift */ = {isa = PBXFileReference; lastKnownFileType = sourcecode.swift; path = CustomAnswerManager.swift; sourceTree = "<group>"; };
		5E9B5F2F2739B09D0099502E /* SettingsScreenViewController.swift */ = {isa = PBXFileReference; lastKnownFileType = sourcecode.swift; path = SettingsScreenViewController.swift; sourceTree = "<group>"; };
		5E9C8DFB274F6DD200BA40BF /* CustomAnswerDataClass.swift */ = {isa = PBXFileReference; fileEncoding = 4; lastKnownFileType = sourcecode.swift; path = CustomAnswerDataClass.swift; sourceTree = "<group>"; };
		5E9C8DFC274F6DD200BA40BF /* AnswerDataClass.swift */ = {isa = PBXFileReference; fileEncoding = 4; lastKnownFileType = sourcecode.swift; path = AnswerDataClass.swift; sourceTree = "<group>"; };
		5E9C8DFF274FDD1E00BA40BF /* UserDefaultsManager.swift */ = {isa = PBXFileReference; lastKnownFileType = sourcecode.swift; path = UserDefaultsManager.swift; sourceTree = "<group>"; };
		5E9C8E01274FF42300BA40BF /* AnswerHistoryManager.swift */ = {isa = PBXFileReference; lastKnownFileType = sourcecode.swift; path = AnswerHistoryManager.swift; sourceTree = "<group>"; };
		5ED7B80B273FF6CE00E0A6FF /* BallViewModel.swift */ = {isa = PBXFileReference; lastKnownFileType = sourcecode.swift; path = BallViewModel.swift; sourceTree = "<group>"; };
		5ED7B8122740F1FB00E0A6FF /* SettingsScreenModel.swift */ = {isa = PBXFileReference; lastKnownFileType = sourcecode.swift; path = SettingsScreenModel.swift; sourceTree = "<group>"; };
		5ED7B81927412C7700E0A6FF /* SettingsScreenViewModel.swift */ = {isa = PBXFileReference; lastKnownFileType = sourcecode.swift; path = SettingsScreenViewModel.swift; sourceTree = "<group>"; };
		5EE72D18274AFCB400CFB886 /* homework6-Concurrency.playground */ = {isa = PBXFileReference; lastKnownFileType = file.playground; path = "homework6-Concurrency.playground"; sourceTree = "<group>"; xcLanguageSpecificationIdentifier = xcode.lang.swift; };
		5EF5544E27467AB9008B9A85 /* SettingsScreenTableViewCell.swift */ = {isa = PBXFileReference; lastKnownFileType = sourcecode.swift; path = SettingsScreenTableViewCell.swift; sourceTree = "<group>"; };
		7B686E88BC272317583FF2C3 /* Pods-8ballApp.debug.xcconfig */ = {isa = PBXFileReference; includeInIndex = 1; lastKnownFileType = text.xcconfig; name = "Pods-8ballApp.debug.xcconfig"; path = "Target Support Files/Pods-8ballApp/Pods-8ballApp.debug.xcconfig"; sourceTree = "<group>"; };
		D912A59C906BA86BBFA239DF /* Pods-8ballApp.release.xcconfig */ = {isa = PBXFileReference; includeInIndex = 1; lastKnownFileType = text.xcconfig; name = "Pods-8ballApp.release.xcconfig"; path = "Target Support Files/Pods-8ballApp/Pods-8ballApp.release.xcconfig"; sourceTree = "<group>"; };
/* End PBXFileReference section */

/* Begin PBXFrameworksBuildPhase section */
		5E5CCCF8271F21D9001F7212 /* Frameworks */ = {
			isa = PBXFrameworksBuildPhase;
			buildActionMask = 2147483647;
			files = (
				249229A0525546EFF24C709E /* Pods_8ballApp.framework in Frameworks */,
			);
			runOnlyForDeploymentPostprocessing = 0;
		};
/* End PBXFrameworksBuildPhase section */

/* Begin PBXGroup section */
		432468090D40900B9668B8B3 /* Frameworks */ = {
			isa = PBXGroup;
			children = (
				5621C7CA2AB69866DE3C0509 /* Pods_8ballApp.framework */,
			);
			name = Frameworks;
			sourceTree = "<group>";
		};
		5E5CCCF2271F21D9001F7212 = {
			isa = PBXGroup;
			children = (
				5E641C8A273DA5F500DE0972 /* swiftgen.yml */,
				5E5CCCFD271F21D9001F7212 /* 8ballApp */,
				5EE72D17274AFC5500CFB886 /* homework6-Concurrency */,
				5E5CCCFC271F21D9001F7212 /* Products */,
				B1736B132F2B16C73A79DCD7 /* Pods */,
				432468090D40900B9668B8B3 /* Frameworks */,
			);
			sourceTree = "<group>";
		};
		5E5CCCFC271F21D9001F7212 /* Products */ = {
			isa = PBXGroup;
			children = (
				5E5CCCFB271F21D9001F7212 /* 8ballApp.app */,
			);
			name = Products;
			sourceTree = "<group>";
		};
		5E5CCCFD271F21D9001F7212 /* 8ballApp */ = {
			isa = PBXGroup;
			children = (
				5EF5544327452752008B9A85 /* Flows */,
				5E9B5F292739726C0099502E /* Services */,
				5E6E49F7274F5D6000E34743 /* Managers */,
				5ED7B809273FE34F00E0A6FF /* Storyboards */,
				5EE10C3B273D5DB4001B2B81 /* Resources */,
			);
			path = 8ballApp;
			sourceTree = "<group>";
		};
		5E5CCD20271F4A38001F7212 /* Extensions */ = {
			isa = PBXGroup;
			children = (
				5E5CCD23271F5F61001F7212 /* CustomAnswerAlertController.swift */,
			);
			path = Extensions;
			sourceTree = "<group>";
		};
		5E6E49C5274E381800E34743 /* History */ = {
			isa = PBXGroup;
			children = (
				5E6E49CE274E6E0D00E34743 /* HistoryScreenModel.swift */,
				5E6E49CC274E6DD900E34743 /* HistoryScreenViewModel.swift */,
				5E6E49C6274E386500E34743 /* HistoryScreenViewController.swift */,
				5E6E49D0274E6E2500E34743 /* Cells */,
			);
			path = History;
			sourceTree = "<group>";
		};
		5E6E49D0274E6E2500E34743 /* Cells */ = {
			isa = PBXGroup;
			children = (
				5E6E49CA274E66F200E34743 /* HistoryScreenTableViewCell.swift */,
			);
			path = Cells;
			sourceTree = "<group>";
		};
		5E6E49D3274E7E4700E34743 /* MainTabBar */ = {
			isa = PBXGroup;
			children = (
				5E6E49D1274E7BDB00E34743 /* MainTabBarViewModel.swift */,
				5E6E49C8274E399900E34743 /* MainTabBarController.swift */,
			);
			path = MainTabBar;
			sourceTree = "<group>";
		};
		5E6E49F7274F5D6000E34743 /* Managers */ = {
			isa = PBXGroup;
			children = (
				5E6E4A07274F678C00E34743 /* Models */,
				5E9C8DFF274FDD1E00BA40BF /* UserDefaultsManager.swift */,
				5E6E4A05274F678400E34743 /* CustomAnswerManager.swift */,
				5E9C8E01274FF42300BA40BF /* AnswerHistoryManager.swift */,
			);
			path = Managers;
			sourceTree = "<group>";
		};
		5E6E4A07274F678C00E34743 /* Models */ = {
			isa = PBXGroup;
			children = (
				5E9C8DFB274F6DD200BA40BF /* CustomAnswerDataClass.swift */,
				5E9C8DFC274F6DD200BA40BF /* AnswerDataClass.swift */,
				5E6E49FA274F5F6F00E34743 /* AnswersDataModel.xcdatamodeld */,
			);
			path = Models;
			sourceTree = "<group>";
		};
		5E9B5F292739726C0099502E /* Services */ = {
			isa = PBXGroup;
			children = (
				5E5CCD18271F2E4C001F7212 /* ApiResponseData.swift */,
				5E5CCD13271F2836001F7212 /* RandomAnswerManager.swift */,
			);
			path = Services;
			sourceTree = "<group>";
		};
		5ED7B809273FE34F00E0A6FF /* Storyboards */ = {
			isa = PBXGroup;
			children = (
				5E5CCD09271F21DB001F7212 /* LaunchScreen.storyboard */,
			);
			path = Storyboards;
			sourceTree = "<group>";
		};
		5EE10C3B273D5DB4001B2B81 /* Resources */ = {
			isa = PBXGroup;
			children = (
				5E5CCCFE271F21D9001F7212 /* AppDelegate.swift */,
				5E6E49F8274F5D7400E34743 /* CoreDataStack.swift */,
				5E5CCD0C271F21DB001F7212 /* Info.plist */,
				5E641C92273DA9D700DE0972 /* Localizable.strings */,
				5E641C8F273DA82500DE0972 /* Assets.swift */,
				5E641C8C273DA80700DE0972 /* Strings.swift */,
				5E5CCD07271F21DB001F7212 /* Assets.xcassets */,
			);
			path = Resources;
			sourceTree = "<group>";
		};
		5EE72D17274AFC5500CFB886 /* homework6-Concurrency */ = {
			isa = PBXGroup;
			children = (
				5EE72D18274AFCB400CFB886 /* homework6-Concurrency.playground */,
			);
			path = "homework6-Concurrency";
			sourceTree = "<group>";
		};
		5EF5544327452752008B9A85 /* Flows */ = {
			isa = PBXGroup;
			children = (
				5E6E49D3274E7E4700E34743 /* MainTabBar */,
				5EF55444274527FD008B9A85 /* Ball */,
				5EF5544527452804008B9A85 /* Settings */,
				5E6E49C5274E381800E34743 /* History */,
			);
			path = Flows;
			sourceTree = "<group>";
		};
		5EF55444274527FD008B9A85 /* Ball */ = {
			isa = PBXGroup;
			children = (
				5E5CCD1A271F32C6001F7212 /* BallModel.swift */,
				5ED7B80B273FF6CE00E0A6FF /* BallViewModel.swift */,
				5E5CCD02271F21D9001F7212 /* BallViewController.swift */,
			);
			path = Ball;
			sourceTree = "<group>";
		};
		5EF5544527452804008B9A85 /* Settings */ = {
			isa = PBXGroup;
			children = (
				5ED7B8122740F1FB00E0A6FF /* SettingsScreenModel.swift */,
				5ED7B81927412C7700E0A6FF /* SettingsScreenViewModel.swift */,
				5E9B5F2F2739B09D0099502E /* SettingsScreenViewController.swift */,
				5EF554462745280B008B9A85 /* Cells */,
				5E5CCD20271F4A38001F7212 /* Extensions */,
			);
			path = Settings;
			sourceTree = "<group>";
		};
		5EF554462745280B008B9A85 /* Cells */ = {
			isa = PBXGroup;
			children = (
				5EF5544E27467AB9008B9A85 /* SettingsScreenTableViewCell.swift */,
			);
			path = Cells;
			sourceTree = "<group>";
		};
		B1736B132F2B16C73A79DCD7 /* Pods */ = {
			isa = PBXGroup;
			children = (
				7B686E88BC272317583FF2C3 /* Pods-8ballApp.debug.xcconfig */,
				D912A59C906BA86BBFA239DF /* Pods-8ballApp.release.xcconfig */,
			);
			path = Pods;
			sourceTree = "<group>";
		};
/* End PBXGroup section */

/* Begin PBXNativeTarget section */
		5E5CCCFA271F21D9001F7212 /* 8ballApp */ = {
			isa = PBXNativeTarget;
			buildConfigurationList = 5E5CCD0F271F21DB001F7212 /* Build configuration list for PBXNativeTarget "8ballApp" */;
			buildPhases = (
				52271C8D25E6FF3F4118AFD6 /* [CP] Check Pods Manifest.lock */,
				5E9B5F33273C44F10099502E /* ShellScript */,
				5E641C91273DA87200DE0972 /* SwiftGen */,
				5E5CCCF7271F21D9001F7212 /* Sources */,
				5E5CCCF8271F21D9001F7212 /* Frameworks */,
				5E5CCCF9271F21D9001F7212 /* Resources */,
				51FFFD557D15BFC6CF7BFF79 /* [CP] Embed Pods Frameworks */,
			);
			buildRules = (
			);
			dependencies = (
			);
			name = 8ballApp;
			productName = 8ballApp;
			productReference = 5E5CCCFB271F21D9001F7212 /* 8ballApp.app */;
			productType = "com.apple.product-type.application";
		};
/* End PBXNativeTarget section */

/* Begin PBXProject section */
		5E5CCCF3271F21D9001F7212 /* Project object */ = {
			isa = PBXProject;
			attributes = {
				LastSwiftUpdateCheck = 1250;
				LastUpgradeCheck = 1250;
				TargetAttributes = {
					5E5CCCFA271F21D9001F7212 = {
						CreatedOnToolsVersion = 12.5.1;
					};
				};
			};
			buildConfigurationList = 5E5CCCF6271F21D9001F7212 /* Build configuration list for PBXProject "8ballApp" */;
			compatibilityVersion = "Xcode 9.3";
			developmentRegion = en;
			hasScannedForEncodings = 0;
			knownRegions = (
				en,
				Base,
			);
			mainGroup = 5E5CCCF2271F21D9001F7212;
			productRefGroup = 5E5CCCFC271F21D9001F7212 /* Products */;
			projectDirPath = "";
			projectRoot = "";
			targets = (
				5E5CCCFA271F21D9001F7212 /* 8ballApp */,
			);
		};
/* End PBXProject section */

/* Begin PBXResourcesBuildPhase section */
		5E5CCCF9271F21D9001F7212 /* Resources */ = {
			isa = PBXResourcesBuildPhase;
			buildActionMask = 2147483647;
			files = (
				5E5CCD0B271F21DB001F7212 /* LaunchScreen.storyboard in Resources */,
				5E641C94273DA9D700DE0972 /* Localizable.strings in Resources */,
				5E5CCD08271F21DB001F7212 /* Assets.xcassets in Resources */,
			);
			runOnlyForDeploymentPostprocessing = 0;
		};
/* End PBXResourcesBuildPhase section */

/* Begin PBXShellScriptBuildPhase section */
		51FFFD557D15BFC6CF7BFF79 /* [CP] Embed Pods Frameworks */ = {
			isa = PBXShellScriptBuildPhase;
			buildActionMask = 2147483647;
			files = (
			);
			inputFileListPaths = (
				"${PODS_ROOT}/Target Support Files/Pods-8ballApp/Pods-8ballApp-frameworks-${CONFIGURATION}-input-files.xcfilelist",
			);
			name = "[CP] Embed Pods Frameworks";
			outputFileListPaths = (
				"${PODS_ROOT}/Target Support Files/Pods-8ballApp/Pods-8ballApp-frameworks-${CONFIGURATION}-output-files.xcfilelist",
			);
			runOnlyForDeploymentPostprocessing = 0;
			shellPath = /bin/sh;
			shellScript = "\"${PODS_ROOT}/Target Support Files/Pods-8ballApp/Pods-8ballApp-frameworks.sh\"\n";
			showEnvVarsInLog = 0;
		};
		52271C8D25E6FF3F4118AFD6 /* [CP] Check Pods Manifest.lock */ = {
			isa = PBXShellScriptBuildPhase;
			buildActionMask = 2147483647;
			files = (
			);
			inputFileListPaths = (
			);
			inputPaths = (
				"${PODS_PODFILE_DIR_PATH}/Podfile.lock",
				"${PODS_ROOT}/Manifest.lock",
			);
			name = "[CP] Check Pods Manifest.lock";
			outputFileListPaths = (
			);
			outputPaths = (
				"$(DERIVED_FILE_DIR)/Pods-8ballApp-checkManifestLockResult.txt",
			);
			runOnlyForDeploymentPostprocessing = 0;
			shellPath = /bin/sh;
			shellScript = "diff \"${PODS_PODFILE_DIR_PATH}/Podfile.lock\" \"${PODS_ROOT}/Manifest.lock\" > /dev/null\nif [ $? != 0 ] ; then\n    # print error to STDERR\n    echo \"error: The sandbox is not in sync with the Podfile.lock. Run 'pod install' or update your CocoaPods installation.\" >&2\n    exit 1\nfi\n# This output is used by Xcode 'outputs' to avoid re-running this script phase.\necho \"SUCCESS\" > \"${SCRIPT_OUTPUT_FILE_0}\"\n";
			showEnvVarsInLog = 0;
		};
		5E641C91273DA87200DE0972 /* SwiftGen */ = {
			isa = PBXShellScriptBuildPhase;
			buildActionMask = 2147483647;
			files = (
			);
			inputFileListPaths = (
			);
			inputPaths = (
			);
			name = SwiftGen;
			outputFileListPaths = (
			);
			outputPaths = (
			);
			runOnlyForDeploymentPostprocessing = 0;
			shellPath = /bin/sh;
			shellScript = "${PODS_ROOT}/SwiftGen/bin/swiftgen\n";
		};
		5E9B5F33273C44F10099502E /* ShellScript */ = {
			isa = PBXShellScriptBuildPhase;
			buildActionMask = 2147483647;
			files = (
			);
			inputFileListPaths = (
			);
			inputPaths = (
			);
			outputFileListPaths = (
			);
			outputPaths = (
			);
			runOnlyForDeploymentPostprocessing = 0;
			shellPath = /bin/sh;
			shellScript = "${PODS_ROOT}/SwiftLint/swiftlint\n";
		};
/* End PBXShellScriptBuildPhase section */

/* Begin PBXSourcesBuildPhase section */
		5E5CCCF7271F21D9001F7212 /* Sources */ = {
			isa = PBXSourcesBuildPhase;
			buildActionMask = 2147483647;
			files = (
				5E6E49F9274F5D7400E34743 /* CoreDataStack.swift in Sources */,
				5ED7B81A27412C7700E0A6FF /* SettingsScreenViewModel.swift in Sources */,
				5E6E49CF274E6E0D00E34743 /* HistoryScreenModel.swift in Sources */,
				5E5CCD24271F5F61001F7212 /* CustomAnswerAlertController.swift in Sources */,
				5E9C8E02274FF42300BA40BF /* AnswerHistoryManager.swift in Sources */,
				5E5CCD19271F2E4C001F7212 /* ApiResponseData.swift in Sources */,
				5E6E49C7274E386500E34743 /* HistoryScreenViewController.swift in Sources */,
				5E6E49D2274E7BDB00E34743 /* MainTabBarViewModel.swift in Sources */,
				5E9B5F302739B09D0099502E /* SettingsScreenViewController.swift in Sources */,
				5ED7B80C273FF6CE00E0A6FF /* BallViewModel.swift in Sources */,
				5E5CCD03271F21D9001F7212 /* BallViewController.swift in Sources */,
				5ED7B8132740F1FB00E0A6FF /* SettingsScreenModel.swift in Sources */,
				5E9C8DFE274F6DD200BA40BF /* AnswerDataClass.swift in Sources */,
				5E5CCD1B271F32C6001F7212 /* BallModel.swift in Sources */,
				5E6E49CD274E6DD900E34743 /* HistoryScreenViewModel.swift in Sources */,
				5EF5544F27467AB9008B9A85 /* SettingsScreenTableViewCell.swift in Sources */,
				5E6E49C9274E399900E34743 /* MainTabBarController.swift in Sources */,
				5E9C8E00274FDD1E00BA40BF /* UserDefaultsManager.swift in Sources */,
				5E641C90273DA82500DE0972 /* Assets.swift in Sources */,
				5E6E4A06274F678500E34743 /* CustomAnswerManager.swift in Sources */,
				5E9C8DFD274F6DD200BA40BF /* CustomAnswerDataClass.swift in Sources */,
				5E6E49CB274E66F200E34743 /* HistoryScreenTableViewCell.swift in Sources */,
				5E5CCCFF271F21D9001F7212 /* AppDelegate.swift in Sources */,
				5E641C8E273DA80700DE0972 /* Strings.swift in Sources */,
				5E5CCD14271F2836001F7212 /* RandomAnswerManager.swift in Sources */,
				5E6E49FC274F5F6F00E34743 /* AnswersDataModel.xcdatamodeld in Sources */,
			);
			runOnlyForDeploymentPostprocessing = 0;
		};
/* End PBXSourcesBuildPhase section */

/* Begin PBXVariantGroup section */
		5E5CCD09271F21DB001F7212 /* LaunchScreen.storyboard */ = {
			isa = PBXVariantGroup;
			children = (
				5E5CCD0A271F21DB001F7212 /* Base */,
			);
			name = LaunchScreen.storyboard;
			sourceTree = "<group>";
		};
		5E641C92273DA9D700DE0972 /* Localizable.strings */ = {
			isa = PBXVariantGroup;
			children = (
				5E641C93273DA9D700DE0972 /* Base */,
			);
			name = Localizable.strings;
			sourceTree = "<group>";
		};
/* End PBXVariantGroup section */

/* Begin XCBuildConfiguration section */
		5E5CCD0D271F21DB001F7212 /* Debug */ = {
			isa = XCBuildConfiguration;
			buildSettings = {
				ALWAYS_SEARCH_USER_PATHS = NO;
				CLANG_ANALYZER_NONNULL = YES;
				CLANG_ANALYZER_NUMBER_OBJECT_CONVERSION = YES_AGGRESSIVE;
				CLANG_CXX_LANGUAGE_STANDARD = "gnu++14";
				CLANG_CXX_LIBRARY = "libc++";
				CLANG_ENABLE_MODULES = YES;
				CLANG_ENABLE_OBJC_ARC = YES;
				CLANG_ENABLE_OBJC_WEAK = YES;
				CLANG_WARN_BLOCK_CAPTURE_AUTORELEASING = YES;
				CLANG_WARN_BOOL_CONVERSION = YES;
				CLANG_WARN_COMMA = YES;
				CLANG_WARN_CONSTANT_CONVERSION = YES;
				CLANG_WARN_DEPRECATED_OBJC_IMPLEMENTATIONS = YES;
				CLANG_WARN_DIRECT_OBJC_ISA_USAGE = YES_ERROR;
				CLANG_WARN_DOCUMENTATION_COMMENTS = YES;
				CLANG_WARN_EMPTY_BODY = YES;
				CLANG_WARN_ENUM_CONVERSION = YES;
				CLANG_WARN_INFINITE_RECURSION = YES;
				CLANG_WARN_INT_CONVERSION = YES;
				CLANG_WARN_NON_LITERAL_NULL_CONVERSION = YES;
				CLANG_WARN_OBJC_IMPLICIT_RETAIN_SELF = YES;
				CLANG_WARN_OBJC_LITERAL_CONVERSION = YES;
				CLANG_WARN_OBJC_ROOT_CLASS = YES_ERROR;
				CLANG_WARN_QUOTED_INCLUDE_IN_FRAMEWORK_HEADER = YES;
				CLANG_WARN_RANGE_LOOP_ANALYSIS = YES;
				CLANG_WARN_STRICT_PROTOTYPES = YES;
				CLANG_WARN_SUSPICIOUS_MOVE = YES;
				CLANG_WARN_UNGUARDED_AVAILABILITY = YES_AGGRESSIVE;
				CLANG_WARN_UNREACHABLE_CODE = YES;
				CLANG_WARN__DUPLICATE_METHOD_MATCH = YES;
				COPY_PHASE_STRIP = NO;
				DEBUG_INFORMATION_FORMAT = dwarf;
				ENABLE_STRICT_OBJC_MSGSEND = YES;
				ENABLE_TESTABILITY = YES;
				GCC_C_LANGUAGE_STANDARD = gnu11;
				GCC_DYNAMIC_NO_PIC = NO;
				GCC_NO_COMMON_BLOCKS = YES;
				GCC_OPTIMIZATION_LEVEL = 0;
				GCC_PREPROCESSOR_DEFINITIONS = (
					"DEBUG=1",
					"$(inherited)",
				);
				GCC_WARN_64_TO_32_BIT_CONVERSION = YES;
				GCC_WARN_ABOUT_RETURN_TYPE = YES_ERROR;
				GCC_WARN_UNDECLARED_SELECTOR = YES;
				GCC_WARN_UNINITIALIZED_AUTOS = YES_AGGRESSIVE;
				GCC_WARN_UNUSED_FUNCTION = YES;
				GCC_WARN_UNUSED_VARIABLE = YES;
				IPHONEOS_DEPLOYMENT_TARGET = 14.5;
				MTL_ENABLE_DEBUG_INFO = INCLUDE_SOURCE;
				MTL_FAST_MATH = YES;
				ONLY_ACTIVE_ARCH = YES;
				SDKROOT = iphoneos;
				SWIFT_ACTIVE_COMPILATION_CONDITIONS = DEBUG;
				SWIFT_OPTIMIZATION_LEVEL = "-Onone";
			};
			name = Debug;
		};
		5E5CCD0E271F21DB001F7212 /* Release */ = {
			isa = XCBuildConfiguration;
			buildSettings = {
				ALWAYS_SEARCH_USER_PATHS = NO;
				CLANG_ANALYZER_NONNULL = YES;
				CLANG_ANALYZER_NUMBER_OBJECT_CONVERSION = YES_AGGRESSIVE;
				CLANG_CXX_LANGUAGE_STANDARD = "gnu++14";
				CLANG_CXX_LIBRARY = "libc++";
				CLANG_ENABLE_MODULES = YES;
				CLANG_ENABLE_OBJC_ARC = YES;
				CLANG_ENABLE_OBJC_WEAK = YES;
				CLANG_WARN_BLOCK_CAPTURE_AUTORELEASING = YES;
				CLANG_WARN_BOOL_CONVERSION = YES;
				CLANG_WARN_COMMA = YES;
				CLANG_WARN_CONSTANT_CONVERSION = YES;
				CLANG_WARN_DEPRECATED_OBJC_IMPLEMENTATIONS = YES;
				CLANG_WARN_DIRECT_OBJC_ISA_USAGE = YES_ERROR;
				CLANG_WARN_DOCUMENTATION_COMMENTS = YES;
				CLANG_WARN_EMPTY_BODY = YES;
				CLANG_WARN_ENUM_CONVERSION = YES;
				CLANG_WARN_INFINITE_RECURSION = YES;
				CLANG_WARN_INT_CONVERSION = YES;
				CLANG_WARN_NON_LITERAL_NULL_CONVERSION = YES;
				CLANG_WARN_OBJC_IMPLICIT_RETAIN_SELF = YES;
				CLANG_WARN_OBJC_LITERAL_CONVERSION = YES;
				CLANG_WARN_OBJC_ROOT_CLASS = YES_ERROR;
				CLANG_WARN_QUOTED_INCLUDE_IN_FRAMEWORK_HEADER = YES;
				CLANG_WARN_RANGE_LOOP_ANALYSIS = YES;
				CLANG_WARN_STRICT_PROTOTYPES = YES;
				CLANG_WARN_SUSPICIOUS_MOVE = YES;
				CLANG_WARN_UNGUARDED_AVAILABILITY = YES_AGGRESSIVE;
				CLANG_WARN_UNREACHABLE_CODE = YES;
				CLANG_WARN__DUPLICATE_METHOD_MATCH = YES;
				COPY_PHASE_STRIP = NO;
				DEBUG_INFORMATION_FORMAT = "dwarf-with-dsym";
				ENABLE_NS_ASSERTIONS = NO;
				ENABLE_STRICT_OBJC_MSGSEND = YES;
				GCC_C_LANGUAGE_STANDARD = gnu11;
				GCC_NO_COMMON_BLOCKS = YES;
				GCC_WARN_64_TO_32_BIT_CONVERSION = YES;
				GCC_WARN_ABOUT_RETURN_TYPE = YES_ERROR;
				GCC_WARN_UNDECLARED_SELECTOR = YES;
				GCC_WARN_UNINITIALIZED_AUTOS = YES_AGGRESSIVE;
				GCC_WARN_UNUSED_FUNCTION = YES;
				GCC_WARN_UNUSED_VARIABLE = YES;
				IPHONEOS_DEPLOYMENT_TARGET = 14.5;
				MTL_ENABLE_DEBUG_INFO = NO;
				MTL_FAST_MATH = YES;
				SDKROOT = iphoneos;
				SWIFT_COMPILATION_MODE = wholemodule;
				SWIFT_OPTIMIZATION_LEVEL = "-O";
				VALIDATE_PRODUCT = YES;
			};
			name = Release;
		};
		5E5CCD10271F21DB001F7212 /* Debug */ = {
			isa = XCBuildConfiguration;
			baseConfigurationReference = 7B686E88BC272317583FF2C3 /* Pods-8ballApp.debug.xcconfig */;
			buildSettings = {
				ASSETCATALOG_COMPILER_APPICON_NAME = AppIcon;
				ASSETCATALOG_COMPILER_GLOBAL_ACCENT_COLOR_NAME = AccentColor;
				CODE_SIGN_STYLE = Automatic;
				DEVELOPMENT_TEAM = KSGY463497;
				INFOPLIST_FILE = 8ballApp/Resources/Info.plist;
				LD_RUNPATH_SEARCH_PATHS = (
					"$(inherited)",
					"@executable_path/Frameworks",
				);
				PRODUCT_BUNDLE_IDENTIFIER = "yardman.com.by.-ballApp";
				PRODUCT_NAME = "$(TARGET_NAME)";
				SWIFT_VERSION = 5.0;
				TARGETED_DEVICE_FAMILY = 1;
			};
			name = Debug;
		};
		5E5CCD11271F21DB001F7212 /* Release */ = {
			isa = XCBuildConfiguration;
			baseConfigurationReference = D912A59C906BA86BBFA239DF /* Pods-8ballApp.release.xcconfig */;
			buildSettings = {
				ASSETCATALOG_COMPILER_APPICON_NAME = AppIcon;
				ASSETCATALOG_COMPILER_GLOBAL_ACCENT_COLOR_NAME = AccentColor;
				CODE_SIGN_STYLE = Automatic;
				DEVELOPMENT_TEAM = KSGY463497;
				INFOPLIST_FILE = 8ballApp/Resources/Info.plist;
				LD_RUNPATH_SEARCH_PATHS = (
					"$(inherited)",
					"@executable_path/Frameworks",
				);
				PRODUCT_BUNDLE_IDENTIFIER = "yardman.com.by.-ballApp";
				PRODUCT_NAME = "$(TARGET_NAME)";
				SWIFT_VERSION = 5.0;
				TARGETED_DEVICE_FAMILY = 1;
			};
			name = Release;
		};
/* End XCBuildConfiguration section */

/* Begin XCConfigurationList section */
		5E5CCCF6271F21D9001F7212 /* Build configuration list for PBXProject "8ballApp" */ = {
			isa = XCConfigurationList;
			buildConfigurations = (
				5E5CCD0D271F21DB001F7212 /* Debug */,
				5E5CCD0E271F21DB001F7212 /* Release */,
			);
			defaultConfigurationIsVisible = 0;
			defaultConfigurationName = Release;
		};
		5E5CCD0F271F21DB001F7212 /* Build configuration list for PBXNativeTarget "8ballApp" */ = {
			isa = XCConfigurationList;
			buildConfigurations = (
				5E5CCD10271F21DB001F7212 /* Debug */,
				5E5CCD11271F21DB001F7212 /* Release */,
			);
			defaultConfigurationIsVisible = 0;
			defaultConfigurationName = Release;
		};
/* End XCConfigurationList section */

/* Begin XCVersionGroup section */
		5E6E49FA274F5F6F00E34743 /* AnswersDataModel.xcdatamodeld */ = {
			isa = XCVersionGroup;
			children = (
				5E6E49FB274F5F6F00E34743 /* AnswersDataModel.xcdatamodel */,
			);
			currentVersion = 5E6E49FB274F5F6F00E34743 /* AnswersDataModel.xcdatamodel */;
			path = AnswersDataModel.xcdatamodeld;
			sourceTree = "<group>";
			versionGroupType = wrapper.xcdatamodel;
		};
/* End XCVersionGroup section */
	};
	rootObject = 5E5CCCF3271F21D9001F7212 /* Project object */;
}
